
Microsoft Visual Studio Solution File, Format Version 12.00
# Visual Studio Version 17
VisualStudioVersion = 17.14.36203.30 d17.14
MinimumVisualStudioVersion = 10.0.40219.1
Project("{8BC9CEB8-8B4A-11D0-8D11-00A0C91BC942}") = "TripleMath2", "TripleMath2\TripleMath2.vcxproj", "{2EE88416-E229-14ED-2786-904F349DF150}"
EndProject
Global
	GlobalSection(SolutionConfigurationPlatforms) = preSolution
		Debug|x64 = Debug|x64
		Debug|x86 = Debug|x86
		Release|x64 = Release|x64
		Release|x86 = Release|x86
	EndGlobalSection
	GlobalSection(ProjectConfigurationPlatforms) = postSolution
		{2EE88416-E229-14ED-2786-904F349DF150}.Debug|x64.ActiveCfg = Debug|x64
		{2EE88416-E229-14ED-2786-904F349DF150}.Debug|x64.Build.0 = Debug|x64
		{2EE88416-E229-14ED-2786-904F349DF150}.Debug|x86.ActiveCfg = Debug|Win32
		{2EE88416-E229-14ED-2786-904F349DF150}.Debug|x86.Build.0 = Debug|Win32
		{2EE88416-E229-14ED-2786-904F349DF150}.Release|x64.ActiveCfg = Release|x64
		{2EE88416-E229-14ED-2786-904F349DF150}.Release|x64.Build.0 = Release|x64
		{2EE88416-E229-14ED-2786-904F349DF150}.Release|x86.ActiveCfg = Release|Win32
		{2EE88416-E229-14ED-2786-904F349DF150}.Release|x86.Build.0 = Release|Win32
	EndGlobalSection
	GlobalSection(SolutionProperties) = preSolution
		HideSolutionNode = FALSE
	EndGlobalSection
	GlobalSection(ExtensibilityGlobals) = postSolution
		SolutionGuid = {FDF7DC3D-E5BF-4741-8B7E-DD4AAAC79BC6}
	EndGlobalSection
EndGlobal
